NeoBundleLock ZoomWin 38b0a76d9ccb67fd4d09807207838c8e8d9663a1
NeoBundleLock ack.vim 0a7d28bfb130696f73d122cac99d8903e066c896
NeoBundleLock auto-pairs b647ef54cd2d991d5221b97fb5dbb3c0477fdc64
NeoBundleLock ctrlp-funky df6dc6c2a6731fdd5d30b272c4321f53723c9d0c
NeoBundleLock ctrlp.vim 58247bdf8550879e183c13860eefa03983959e4a
NeoBundleLock ctrlp_bdelete.vim c3a855d3cccb629298ed6a5fbd670f87ec7061ef
NeoBundleLock dash.vim c96bf099123165e226e2c976ec50c4ecc8ce11f4
NeoBundleLock ember.vim 880e231dab2841871ed1d2b4a000a59664289d41
NeoBundleLock junkfile.vim 959b3137dda456789d402b416d962baefc3b5ab4
NeoBundleLock neobundle.vim e3fd0b836857a13675b3562d6dfdeff70ddbfd31
NeoBundleLock neocomplete cd16e177ff3978391f48717852528bb3e28c3582
NeoBundleLock neomru.vim 8aa00e181bb764956a40764ae325a485a93f513a
NeoBundleLock neosnippet 7c07c4d8a2228c77ae4d519c936811db662ecd4a
NeoBundleLock neosnippet-snippets 7bc1674170670a4c43f7f4fc65e0e396759512ea
NeoBundleLock nerdcommenter 5cc672a4f2adb734ac671499476034f0cd1d3d72
NeoBundleLock oceanic-next-vim 64106cc282eabaaf5552a025971c55ba4c282a8e
NeoBundleLock portkey 6ec78fe924802d1cfe4ebdc486acfaaf042b3d41
NeoBundleLock syntastic d36bc78070011b4721eee8685cf5d240b8733956
NeoBundleLock tabular 60f25648814f0695eeb6c1040d97adca93c4e0bb
NeoBundleLock tmuxline.vim 1e638ef6b2673130db123f25b1ae1160c5289bb8
NeoBundleLock unite-help 5a8dc6cf157627f8ebf16ca60dec2d4125f8008f
NeoBundleLock unite-outline eed59c431309d2eca5f33dd89e4d241288b4fc81
NeoBundleLock unite.vim 84c359f4943029e17eb2960efc55d545708b384e
NeoBundleLock vim-airline 8c30610c5f60eada1d21ab23e96d45848a1e6e58
NeoBundleLock vim-bracketed-paste 36779ba3b1af4b81fcba7b83095afe794a07b71a
NeoBundleLock vim-bufkill cf928d338d2b24e26628e0dd8537d5959d84214b
NeoBundleLock vim-bundler b42217a20cd4cac5a00096dc4e98d2497c21b3fe
NeoBundleLock vim-cdo efab1fb2aa60168fc46e9902d8d6d9c1d29b1477
NeoBundleLock vim-colorschemes 28a989b28457e38df620e4c7ab23e224aff70efe
NeoBundleLock vim-easymotion 0806257ca6432ac7beb75c4319dadf7f3ba9907b
NeoBundleLock vim-endwise f06abe3d6eca6f6ebfc31ea3163a51575f450df6
NeoBundleLock vim-fugitive b5188a1b4f9aabd1454f7b8dd621d467ca7ee3a7
NeoBundleLock vim-gitgutter a30ee7f23e93c827b4857d337f04c1ddf3c0c16e
NeoBundleLock vim-javascript 924de0eb649188a9cf28d63d939b13e279602e85
NeoBundleLock vim-json f5e3181d0b33a9c51377bb7ea8492feddca8b503
NeoBundleLock vim-jsx c6d0fd7d4d9d1e26c7643d02bb9abe5db91903c8
NeoBundleLock vim-multiple-cursors 10df4ee5aa042376db7bed2fd7cef8373bb78294
NeoBundleLock vim-mustache-handlebars 6062b5b69de279f1c88c7ed312bfd6034504c071
NeoBundleLock vim-rails 2156c58437cce1a98e6f095ff4a2e1851b547b46
NeoBundleLock vim-react-es6-snippets 1f585ddd5cfbad36d1f517b7aa7c7337b98896c8
NeoBundleLock vim-repeat 7a6675f092842c8f81e71d5345bd7cdbf3759415
NeoBundleLock vim-ruby 3db2f8362011c984d1acfcae42b5cedf9b64219f
NeoBundleLock vim-sensible 26f8783e08efef27fc01e0df6465b8f94c8bf270
NeoBundleLock vim-surround 2d05440ad23f97a7874ebd9b5de3a0e65d25d85c
NeoBundleLock vim-tmux-navigator 176452ead44118174ddad3502709a247d9c24bb4
NeoBundleLock vim-unimpaired 23f471ad0f00e2fab097f9d67ffd770881d4b35a
NeoBundleLock vim-vinegar ebd2239edb2f430ad5d9a50deca793201e0d4bd1
NeoBundleLock vim-vroom e8c0264fa72923142a2895a579452e2f947fe5e5
NeoBundleLock vimfiler.vim 2faf01b5b2a6a0f4b612c16b08d54d3dc9f475a8
NeoBundleLock vimproc.vim 18b518260b3a517bf4f3fa7e75242f8b3567c0f8
NeoBundleLock vimux 2285cefee9dfb2139ebc8299d11a6c8c0f21309e
NeoBundleLock vitality.vim 807c54086d321c86b70f8b8d0a9af07e0411e808
