NeoBundleLock ZoomWin 38b0a76d9ccb67fd4d09807207838c8e8d9663a1
NeoBundleLock ack.vim b9ceb0f9eec504e18b67f43ab9c6ba2bd5b80c2d
NeoBundleLock auto-pairs 5979999a17c7330abfe1d73fd3c8d72f09d77334
NeoBundleLock ctrlp-funky 3f055e8cec3c0ceab36581dabdda38d9355509bd
NeoBundleLock ctrlp.vim 9a5d73df2ff0108f3fea872ff334ddd1b61661a8
NeoBundleLock ctrlp_bdelete.vim c3a855d3cccb629298ed6a5fbd670f87ec7061ef
NeoBundleLock dash.vim 4b01b6cd20fb77089b4222133c791602d140d901
NeoBundleLock direnv.vim 79659d040843b831cd321c2228f31cfc9070cec1
NeoBundleLock ember.vim 880e231dab2841871ed1d2b4a000a59664289d41
NeoBundleLock jellybeans.vim e0b9ef9ff42b91133d7da5d36d2c264994cc3cdd
NeoBundleLock junkfile.vim 959b3137dda456789d402b416d962baefc3b5ab4
NeoBundleLock neobundle.vim bb8cdbb5d7d9738df787a2d1f74bd9baeb762e2d
NeoBundleLock neocomplete bd5cc9e73dedb07f1ab0a99cc7943ef16732e3e9
NeoBundleLock neomru.vim e86ebb07c3498e81b13a195330831eb845555633
NeoBundleLock neosnippet ce3c3d209c38a6d87bbf1408d293e179f95e7bb8
NeoBundleLock neosnippet-snippets 1cd353ac0d0e9ad0eba9d57e3eda34b3abefd7ff
NeoBundleLock neoyank.vim ee635f186625df267661764257db0a0ecb4dba74
NeoBundleLock nerdcommenter 1f4bfd59920c101a30a74a07b824608a6e65f3fe
NeoBundleLock oceanic-next-vim 51c42b20315fb393a836abd0f2faea2b8a3a4f24
NeoBundleLock portkey 6ec78fe924802d1cfe4ebdc486acfaaf042b3d41
NeoBundleLock syntastic b246e339afda238af1086e824d785361cffb51cb
NeoBundleLock tabular 60f25648814f0695eeb6c1040d97adca93c4e0bb
NeoBundleLock tmuxline.vim 1e638ef6b2673130db123f25b1ae1160c5289bb8
NeoBundleLock unite-help 5a8dc6cf157627f8ebf16ca60dec2d4125f8008f
NeoBundleLock unite-outline 5b14dd651b7d46706e72f6d4d8683f5a03d740f7
NeoBundleLock unite.vim bb2654fdcf79383216b1707c021351a05b630985
NeoBundleLock vim-airline 842e5623593bc34278b8c2cf5f5a884ef581b1a0
NeoBundleLock vim-airline-themes 13bad30d4ee3892cae755c83433ee85fbc96d028
NeoBundleLock vim-bracketed-paste 765e757dbcd05bc9d33debc3e9cab8bda9dabdbf
NeoBundleLock vim-bufkill cf928d338d2b24e26628e0dd8537d5959d84214b
NeoBundleLock vim-bundler b42217a20cd4cac5a00096dc4e98d2497c21b3fe
NeoBundleLock vim-cdo efab1fb2aa60168fc46e9902d8d6d9c1d29b1477
NeoBundleLock vim-easymotion a6b3c10b417d90d6751352b53826f94062ff466d
NeoBundleLock vim-endwise 0067ceda37725d01b7bd5bf249d63b1b5d4e2ab4
NeoBundleLock vim-fugitive 57afba5bdd49b59d57485f90aa0cf3f3a6c47f63
NeoBundleLock vim-gista ccbd1a8f73d990d4024c5ea1388534a28af87e2b
NeoBundleLock vim-gista-unite e5b297d228939566b09c7942b4a8a0c3cdc76762
NeoBundleLock vim-gitgutter 78d83c7056e1973ed4cbf9b5b3f09263a3dbf968
NeoBundleLock vim-javascript 924de0eb649188a9cf28d63d939b13e279602e85
NeoBundleLock vim-json f5e3181d0b33a9c51377bb7ea8492feddca8b503
NeoBundleLock vim-jsx 2bd9126d7783d93e4c3fe3305332d491b754663e
NeoBundleLock vim-livedown 9afa3914536b83067d55813eb894fc7388cafb33
NeoBundleLock vim-multiple-cursors 47c9e3fb11a202a9a2fa1d591ec990a41e4221c4
NeoBundleLock vim-mustache-handlebars d1c983f3dd9a159c128c5192062caf7d47fd0f14
NeoBundleLock vim-rails b131dc94bb4f9f1a620ed2e7f1a8a2f497df5661
NeoBundleLock vim-react-es6-snippets 1f585ddd5cfbad36d1f517b7aa7c7337b98896c8
NeoBundleLock vim-repeat 7a6675f092842c8f81e71d5345bd7cdbf3759415
NeoBundleLock vim-ruby 666adb5bcdfb2d21572a58fcdf7545a26bac32a0
NeoBundleLock vim-sensible 9e91be7e0fb42949831fe3161ef583363648aa58
NeoBundleLock vim-surround 2d05440ad23f97a7874ebd9b5de3a0e65d25d85c
NeoBundleLock vim-terraform 96741c24b827cbbfdee116e43c7fe806cebdfe1e
NeoBundleLock vim-tmux-navigator 1298b71c420f1d0abceba3f35cc710131f84d73b
NeoBundleLock vim-unimpaired 11dc568dbfd7a56866a4354c737515769f08e9fe
NeoBundleLock vim-vinegar 75fc3824bc09053f22735d6726c5cfd614c15642
NeoBundleLock vim-vroom e8c0264fa72923142a2895a579452e2f947fe5e5
NeoBundleLock vimfiler.vim 3d8005116768ec97d300309be3cb339580e7e14b
NeoBundleLock vimproc.vim 9269f3861a767733cc4d9fc44668e98fabcca7e9
NeoBundleLock vimux 2285cefee9dfb2139ebc8299d11a6c8c0f21309e
NeoBundleLock vitality.vim 807c54086d321c86b70f8b8d0a9af07e0411e808
