NeoBundleLock ZoomWin 38b0a76d9ccb67fd4d09807207838c8e8d9663a1
NeoBundleLock ack.vim 0a7d28bfb130696f73d122cac99d8903e066c896
NeoBundleLock auto-pairs b647ef54cd2d991d5221b97fb5dbb3c0477fdc64
NeoBundleLock ctrlp-funky 60efe337fd62c89cb65967c39a2a5d10361d06cb
NeoBundleLock ctrlp.vim d13e8ee2b543e8fdc247dd0fb1495e16976ca423
NeoBundleLock ctrlp_bdelete.vim c3a855d3cccb629298ed6a5fbd670f87ec7061ef
NeoBundleLock dash.vim f74a0a3e6eaa3134ad06610f73658509952dd66e
NeoBundleLock ember.vim 880e231dab2841871ed1d2b4a000a59664289d41
NeoBundleLock junkfile.vim 959b3137dda456789d402b416d962baefc3b5ab4
NeoBundleLock neobundle.vim ef32bf7170272b6cd61293b3f175825fba8232e2
NeoBundleLock neocomplete f7d8ac6fd80b699cc36c4f0965469579d968e0ea
NeoBundleLock neomru.vim 8aa00e181bb764956a40764ae325a485a93f513a
NeoBundleLock neosnippet 5867906757fa1baeac8b05f4ff4675cdfbbbf2eb
NeoBundleLock neosnippet-snippets 0dd4b86088c9162492411d4ec40a64fe369c4396
NeoBundleLock nerdcommenter 1f4bfd59920c101a30a74a07b824608a6e65f3fe
NeoBundleLock oceanic-next-vim 64106cc282eabaaf5552a025971c55ba4c282a8e
NeoBundleLock portkey 6ec78fe924802d1cfe4ebdc486acfaaf042b3d41
NeoBundleLock syntastic 6461248230d22184819f3789a640c0157921f691
NeoBundleLock tabular 60f25648814f0695eeb6c1040d97adca93c4e0bb
NeoBundleLock tmuxline.vim 1e638ef6b2673130db123f25b1ae1160c5289bb8
NeoBundleLock unite-help 5a8dc6cf157627f8ebf16ca60dec2d4125f8008f
NeoBundleLock unite-outline eed59c431309d2eca5f33dd89e4d241288b4fc81
NeoBundleLock unite.vim 76f8177c1ef87f3fdd57af044f109dc03a4047b4
NeoBundleLock vim-airline 14d14cf951c08fc88ca6c3e6f28fe47b99421e23
NeoBundleLock vim-bracketed-paste 36779ba3b1af4b81fcba7b83095afe794a07b71a
NeoBundleLock vim-bufkill ba8b5701bde1a50b64b5e6bcaf5698e5655c8c0b
NeoBundleLock vim-bundler b42217a20cd4cac5a00096dc4e98d2497c21b3fe
NeoBundleLock vim-cdo efab1fb2aa60168fc46e9902d8d6d9c1d29b1477
NeoBundleLock vim-colorschemes 28a989b28457e38df620e4c7ab23e224aff70efe
NeoBundleLock vim-easymotion a21d4474f0e9df7a721246e0a3b386068901965f
NeoBundleLock vim-endwise f06abe3d6eca6f6ebfc31ea3163a51575f450df6
NeoBundleLock vim-fugitive dba8a0705d95cda76d599bb7d09964d67741a5c5
NeoBundleLock vim-gitgutter b18e23cdfa082dee7da8a2466db5a66907491e5b
NeoBundleLock vim-javascript 255d5e6d6edd77d4250b2df5fc0cacfbbc41390d
NeoBundleLock vim-json f5e3181d0b33a9c51377bb7ea8492feddca8b503
NeoBundleLock vim-jsx c6d0fd7d4d9d1e26c7643d02bb9abe5db91903c8
NeoBundleLock vim-multiple-cursors 73a78c926ad208bd1984e575ceece276d61a1404
NeoBundleLock vim-mustache-handlebars d1c983f3dd9a159c128c5192062caf7d47fd0f14
NeoBundleLock vim-rails e25769a7f42d86b38d6ee87350ff2f6a37e68258
NeoBundleLock vim-react-es6-snippets 1f585ddd5cfbad36d1f517b7aa7c7337b98896c8
NeoBundleLock vim-repeat 7a6675f092842c8f81e71d5345bd7cdbf3759415
NeoBundleLock vim-ruby 7944cd3f40a7710a98ea5248d076b9f87b86cf4d
NeoBundleLock vim-sensible 26f8783e08efef27fc01e0df6465b8f94c8bf270
NeoBundleLock vim-surround 2d05440ad23f97a7874ebd9b5de3a0e65d25d85c
NeoBundleLock vim-tmux-navigator 754871fc6e523133921cb4f72b26111ff61cd7dd
NeoBundleLock vim-unimpaired 23f471ad0f00e2fab097f9d67ffd770881d4b35a
NeoBundleLock vim-vinegar ebd2239edb2f430ad5d9a50deca793201e0d4bd1
NeoBundleLock vim-vroom e8c0264fa72923142a2895a579452e2f947fe5e5
NeoBundleLock vimfiler.vim d3ce50204d5255615f965f9ec804667f10c270a1
NeoBundleLock vimproc.vim c40f7e77e6ff0586ff6951e7cf479b3dc81bb69d
NeoBundleLock vimux 2285cefee9dfb2139ebc8299d11a6c8c0f21309e
NeoBundleLock vitality.vim 807c54086d321c86b70f8b8d0a9af07e0411e808
